{
  "nodes": {
    "dotfiles": {
      "flake": false,
      "locked": {
        "lastModified": 1791392787,
        "narHash": "sha256-gdeEqHu2EHtoJAtjDKwMPnxaFe37LBrSY6fgjRj8H7s=",
        "owner": "vugtsqsvgv",
        "repo": "Dot-Files",
        "rev": "4001a3ee46f713a88c2704aa1178c4d740980187",
        "type": "github"
      },
      "original": {
        "owner": "vugtsqsvgv",
        "ref": "main",
        "repo": "Dot-Files",
        "type": "github"
      }
    },
    "home-manager": {
      "inputs": {
        "nixpkgs": [
          "nixpkgs"
        ]
      },
      "locked": {
        "lastModified": 1791306979,
        "narHash": "sha256-KuLePuhwJM9NLt/gTLHzXaOoSZKGoB3m7NfXjiQ98HY=",
        "owner": "nix-community",
        "repo": "home-manager",
        "rev": "fae6e9e42c3b762ab47635cddcfaf6f52374a61b",
        "type": "github"
      },
      "original": {
        "owner": "nix-community",
        "repo": "home-manager",
        "type": "github"
      }
    },
    "nixpkgs": {
      "locked": {
        "lastModified": 1791260994,
        "narHash": "sha256-Miqqk/ammqnTUxaoCyvtwoPeLbI1ksFyLxi/CazZpWY=",
        "owner": "NixOS",
        "repo": "nixpkgs",
        "rev": "151fa4e8ddfdd8dd25d945ad94ed54a13de9f6e4",
        "type": "github"
      },
      "original": {
        "owner": "NixOS",
        "ref": "nixos-unstable",
        "repo": "nixpkgs",
        "type": "github"
      }
    },
    "oh-my-zsh": {
      "flake": false,
      "locked": {
        "lastModified": 1791277605,
        "narHash": "sha256-yUzLTiQ+DmYe1TReBSTrRnyqMVYkHW4P/8OZCzYxhEU=",
        "owner": "ohmyzsh",
        "repo": "ohmyzsh",
        "rev": "60c9a7a839b790cd905d0fd4419435124fd1bdc0",
        "type": "github"
      },
      "original": {
        "owner": "ohmyzsh",
        "ref": "master",
        "repo": "ohmyzsh",
        "type": "github"
      }
    },
    "p10k": {
      "flake": false,
      "locked": {
        "lastModified": 1788728414,
        "narHash": "sha256-B2Sq/V455mlvMOAv+K7vEyZy53kVdo576ZAMcvbJXgk=",
        "owner": "romkatv",
        "repo": "powerlevel10k",
        "rev": "d05a1b00f9a61f9578bf9dc19b8451942dde8734",
        "type": "github"
      },
      "original": {
        "owner": "romkatv",
        "ref": "master",
        "repo": "powerlevel10k",
        "type": "github"
      }
    },
    "root": {
      "inputs": {
        "dotfiles": "dotfiles",
        "home-manager": "home-manager",
        "nixpkgs": "nixpkgs",
        "oh-my-zsh": "oh-my-zsh",
        "p10k": "p10k"
      }
    }
  },
  "root": "root",
  "version": 7
}
