{
  "nodes": {
    "dotfiles": {
      "flake": false,
      "locked": {
        "lastModified": 1791392787,
        "narHash": "sha256-gdeEqHu2EHtoJAtjDKwMPnxaFe37LBrSY6fgjRj8H7s=",
        "owner": "vugtsqsvgv",
        "repo": "Dot-Files",
        "rev": "4001a3ee46f713a88c2704aa1178c4d740980187",
        "type": "github"
      },
      "original": {
        "owner": "vugtsqsvgv",
        "ref": "main",
        "repo": "Dot-Files",
        "type": "github"
      }
    },
    "home-manager": {
      "inputs": {
        "nixpkgs": [
          "nixpkgs"
        ]
      },
      "locked": {
        "lastModified": 1791569574,
        "narHash": "sha256-5sViLmjhTCtBTvhjSXXvd5LDrAFMydFFKZQisjE8Vds=",
        "owner": "nix-community",
        "repo": "home-manager",
        "rev": "6b88c12cc6d234de4888f5d21076fb11199d0844",
        "type": "github"
      },
      "original": {
        "owner": "nix-community",
        "repo": "home-manager",
        "type": "github"
      }
    },
    "nixpkgs": {
      "locked": {
        "lastModified": 1791456040,
        "narHash": "sha256-H83yz/do+hjOO0uujHyH8RgtIQP2v7Mw+cLwcZK/xKc=",
        "owner": "NixOS",
        "repo": "nixpkgs",
        "rev": "e7439b6b14ad3cc35d05608ebca9bce01a25f5f8",
        "type": "github"
      },
      "original": {
        "owner": "NixOS",
        "ref": "nixos-unstable",
        "repo": "nixpkgs",
        "type": "github"
      }
    },
    "oh-my-zsh": {
      "flake": false,
      "locked": {
        "lastModified": 1791555077,
        "narHash": "sha256-uH64MqoZDdxMiwpvp//mTgaLTpr3NntwYk3ERM3IqFg=",
        "owner": "ohmyzsh",
        "repo": "ohmyzsh",
        "rev": "42a4ccb1b14dbeffe81259105a5243b4f4cb618e",
        "type": "github"
      },
      "original": {
        "owner": "ohmyzsh",
        "ref": "master",
        "repo": "ohmyzsh",
        "type": "github"
      }
    },
    "p10k": {
      "flake": false,
      "locked": {
        "lastModified": 1788728414,
        "narHash": "sha256-B2Sq/V455mlvMOAv+K7vEyZy53kVdo576ZAMcvbJXgk=",
        "owner": "romkatv",
        "repo": "powerlevel10k",
        "rev": "d05a1b00f9a61f9578bf9dc19b8451942dde8734",
        "type": "github"
      },
      "original": {
        "owner": "romkatv",
        "ref": "master",
        "repo": "powerlevel10k",
        "type": "github"
      }
    },
    "root": {
      "inputs": {
        "dotfiles": "dotfiles",
        "home-manager": "home-manager",
        "nixpkgs": "nixpkgs",
        "oh-my-zsh": "oh-my-zsh",
        "p10k": "p10k"
      }
    }
  },
  "root": "root",
  "version": 7
}
